<Solution>
  <Folder Name="/src/">
    <Project Path="src/Core/Core.csproj" />
    <Project Path="src/Mod/Mod.csproj" />
  </Folder>
  <Folder Name="/tests/">
    <Project Path="tests/Core.Tests/Core.Tests.csproj" />
    <Project Path="tests/Integration.Tests/Integration.Tests.csproj" />
  </Folder>
</Solution>
